
Microsoft Visual Studio Solution File, Format Version 12.00
Project("{FAE04EC0-301F-11D3-BF4B-00C04F79EFBC}") = "MyWpfApplication", "MyWpfApplication\MyWpfApplication.csproj", "{895027FF-CF08-441E-AA43-8497E2F69646}"
EndProject
Global
	GlobalSection(SolutionConfigurationPlatforms) = preSolution
		Debug|Any CPU = Debug|Any CPU
		Release|Any CPU = Release|Any CPU
	EndGlobalSection
	GlobalSection(ProjectConfigurationPlatforms) = postSolution
		{895027FF-CF08-441E-AA43-8497E2F69646}.Debug|Any CPU.ActiveCfg = Debug|Any CPU
		{895027FF-CF08-441E-AA43-8497E2F69646}.Debug|Any CPU.Build.0 = Debug|Any CPU
		{895027FF-CF08-441E-AA43-8497E2F69646}.Release|Any CPU.ActiveCfg = Release|Any CPU
		{895027FF-CF08-441E-AA43-8497E2F69646}.Release|Any CPU.Build.0 = Release|Any CPU
	EndGlobalSection
EndGlobal
